playwright==1.60.0 \
    --hash=sha256:1c2bfae7884fb3fb05b853290eab8f343d524e5016f2f1def702acbbdf14c93e
pyee==13.0.1 \
    --hash=sha256:af2f8fede4171ef667dfded53f96e2ed0d6e6bd7ee3bb46437f77e3b57689228
greenlet==3.5.3 \
    --hash=sha256:87142215824be6ac05e2e8e2786eec307ccbc27c36723c3881959df654af6861
typing-extensions==4.16.0 \
    --hash=sha256:481caa481374e813c1b176ada14e97f1f67a4539ce9cfeb3f350d78d6370c2e8
